
Microsoft Visual Studio Solution File, Format Version 12.00
# Visual Studio Version 17
VisualStudioVersion = 17.1.32407.343
MinimumVisualStudioVersion = 10.0.40219.1
Project("{FAE04EC0-301F-11D3-BF4B-00C04F79EFBC}") = "YaccLexTools.PowerShell", "src\YaccLexTools.PowerShell\YaccLexTools.PowerShell.csproj", "{E521CF01-3F27-48BB-A205-8D728A7A6A29}"
EndProject
Project("{FAE04EC0-301F-11D3-BF4B-00C04F79EFBC}") = "YaccLexTools.PowerShell.Utility", "src\YaccLexTools.PowerShell.Utility\YaccLexTools.PowerShell.Utility.csproj", "{57CBC49D-2CB7-43A8-8B56-B654FF3D92FD}"
EndProject
Project("{2150E333-8FDC-42A3-9474-1A3956D46DE8}") = "Solution Items", "Solution Items", "{6B0815B7-5CB7-4474-A3DF-719B39DFA48C}"
	ProjectSection(SolutionItems) = preProject
		LICENSE.md = LICENSE.md
		README.md = README.md
	EndProjectSection
EndProject
Project("{9A19103F-16F7-4668-BE54-9A1E7A4F7556}") = "YaccLexTools.Package", "src\YaccLexTools.Package\YaccLexTools.Package.csproj", "{FAEF04FC-3C32-4098-9D79-B4D920208519}"
	ProjectSection(ProjectDependencies) = postProject
		{E521CF01-3F27-48BB-A205-8D728A7A6A29} = {E521CF01-3F27-48BB-A205-8D728A7A6A29}
		{57CBC49D-2CB7-43A8-8B56-B654FF3D92FD} = {57CBC49D-2CB7-43A8-8B56-B654FF3D92FD}
	EndProjectSection
EndProject
Global
	GlobalSection(SolutionConfigurationPlatforms) = preSolution
		Debug|Any CPU = Debug|Any CPU
		Release|Any CPU = Release|Any CPU
	EndGlobalSection
	GlobalSection(ProjectConfigurationPlatforms) = postSolution
		{E521CF01-3F27-48BB-A205-8D728A7A6A29}.Debug|Any CPU.ActiveCfg = Debug|Any CPU
		{E521CF01-3F27-48BB-A205-8D728A7A6A29}.Debug|Any CPU.Build.0 = Debug|Any CPU
		{E521CF01-3F27-48BB-A205-8D728A7A6A29}.Release|Any CPU.ActiveCfg = Release|Any CPU
		{E521CF01-3F27-48BB-A205-8D728A7A6A29}.Release|Any CPU.Build.0 = Release|Any CPU
		{57CBC49D-2CB7-43A8-8B56-B654FF3D92FD}.Debug|Any CPU.ActiveCfg = Debug|Any CPU
		{57CBC49D-2CB7-43A8-8B56-B654FF3D92FD}.Debug|Any CPU.Build.0 = Debug|Any CPU
		{57CBC49D-2CB7-43A8-8B56-B654FF3D92FD}.Release|Any CPU.ActiveCfg = Release|Any CPU
		{57CBC49D-2CB7-43A8-8B56-B654FF3D92FD}.Release|Any CPU.Build.0 = Release|Any CPU
		{FAEF04FC-3C32-4098-9D79-B4D920208519}.Debug|Any CPU.ActiveCfg = Debug|Any CPU
		{FAEF04FC-3C32-4098-9D79-B4D920208519}.Debug|Any CPU.Build.0 = Debug|Any CPU
		{FAEF04FC-3C32-4098-9D79-B4D920208519}.Release|Any CPU.ActiveCfg = Release|Any CPU
		{FAEF04FC-3C32-4098-9D79-B4D920208519}.Release|Any CPU.Build.0 = Release|Any CPU
	EndGlobalSection
	GlobalSection(SolutionProperties) = preSolution
		HideSolutionNode = FALSE
	EndGlobalSection
	GlobalSection(ExtensibilityGlobals) = postSolution
		SolutionGuid = {DFD5B8F6-B4D5-45E2-A7DC-4C30AE6816C6}
	EndGlobalSection
EndGlobal
